
Microsoft Visual Studio Solution File, Format Version 12.00
# Visual Studio Version 16
VisualStudioVersion = 16.0.29613.14
MinimumVisualStudioVersion = 15.0.26124.0
Project("{9A19103F-16F7-4668-BE54-9A1E7A4F7556}") = "AjedrezTomelloso.ServidorIdentidad.Host", "src\AjedrezTomelloso.ServidorIdentidad.Host\AjedrezTomelloso.ServidorIdentidad.Host.csproj", "{1AEAE039-C4AA-4681-88BE-750A20E26BA6}"
EndProject
Global
	GlobalSection(SolutionConfigurationPlatforms) = preSolution
		Debug|Any CPU = Debug|Any CPU
		Debug|x64 = Debug|x64
		Debug|x86 = Debug|x86
		Release|Any CPU = Release|Any CPU
		Release|x64 = Release|x64
		Release|x86 = Release|x86
	EndGlobalSection
	GlobalSection(ProjectConfigurationPlatforms) = postSolution
		{1AEAE039-C4AA-4681-88BE-750A20E26BA6}.Debug|Any CPU.ActiveCfg = Debug|Any CPU
		{1AEAE039-C4AA-4681-88BE-750A20E26BA6}.Debug|Any CPU.Build.0 = Debug|Any CPU
		{1AEAE039-C4AA-4681-88BE-750A20E26BA6}.Debug|x64.ActiveCfg = Debug|Any CPU
		{1AEAE039-C4AA-4681-88BE-750A20E26BA6}.Debug|x64.Build.0 = Debug|Any CPU
		{1AEAE039-C4AA-4681-88BE-750A20E26BA6}.Debug|x86.ActiveCfg = Debug|Any CPU
		{1AEAE039-C4AA-4681-88BE-750A20E26BA6}.Debug|x86.Build.0 = Debug|Any CPU
		{1AEAE039-C4AA-4681-88BE-750A20E26BA6}.Release|Any CPU.ActiveCfg = Release|Any CPU
		{1AEAE039-C4AA-4681-88BE-750A20E26BA6}.Release|Any CPU.Build.0 = Release|Any CPU
		{1AEAE039-C4AA-4681-88BE-750A20E26BA6}.Release|x64.ActiveCfg = Release|Any CPU
		{1AEAE039-C4AA-4681-88BE-750A20E26BA6}.Release|x64.Build.0 = Release|Any CPU
		{1AEAE039-C4AA-4681-88BE-750A20E26BA6}.Release|x86.ActiveCfg = Release|Any CPU
		{1AEAE039-C4AA-4681-88BE-750A20E26BA6}.Release|x86.Build.0 = Release|Any CPU
	EndGlobalSection
	GlobalSection(SolutionProperties) = preSolution
		HideSolutionNode = FALSE
	EndGlobalSection
	GlobalSection(ExtensibilityGlobals) = postSolution
		SolutionGuid = {1883C458-18B5-47C1-B71D-C84A5C8BA462}
	EndGlobalSection
EndGlobal
