
Microsoft Visual Studio Solution File, Format Version 12.00
# Visual Studio Version 16
VisualStudioVersion = 16.0.29613.14
MinimumVisualStudioVersion = 15.0.26124.0
Project("{9A19103F-16F7-4668-BE54-9A1E7A4F7556}") = "AjedrezTomelloso.ServidorIdentidad.Host", "src\IdentityServer\AjedrezTomelloso.ServidorIdentidad.Host\AjedrezTomelloso.ServidorIdentidad.Host.csproj", "{B5DBE32E-4708-4ABC-9274-1096CE61D336}"
EndProject
Global
	GlobalSection(SolutionConfigurationPlatforms) = preSolution
		Debug|Any CPU = Debug|Any CPU
		Release|Any CPU = Release|Any CPU
	EndGlobalSection
	GlobalSection(ProjectConfigurationPlatforms) = postSolution
		{B5DBE32E-4708-4ABC-9274-1096CE61D336}.Debug|Any CPU.ActiveCfg = Debug|Any CPU
		{B5DBE32E-4708-4ABC-9274-1096CE61D336}.Debug|Any CPU.Build.0 = Debug|Any CPU
		{B5DBE32E-4708-4ABC-9274-1096CE61D336}.Release|Any CPU.ActiveCfg = Release|Any CPU
		{B5DBE32E-4708-4ABC-9274-1096CE61D336}.Release|Any CPU.Build.0 = Release|Any CPU
	EndGlobalSection
	GlobalSection(SolutionProperties) = preSolution
		HideSolutionNode = FALSE
	EndGlobalSection
	GlobalSection(ExtensibilityGlobals) = postSolution
		SolutionGuid = {1883C458-18B5-47C1-B71D-C84A5C8BA462}
	EndGlobalSection
EndGlobal
