
Microsoft Visual Studio Solution File, Format Version 12.00
# Visual Studio Version 16
VisualStudioVersion = 16.0.29613.14
MinimumVisualStudioVersion = 15.0.26124.0
Project("{9A19103F-16F7-4668-BE54-9A1E7A4F7556}") = "AjedrezTomelloso.ServidorIdentidad.Host", "src\IdentityServer\AjedrezTomelloso.ServidorIdentidad.Host\AjedrezTomelloso.ServidorIdentidad.Host.csproj", "{B5DBE32E-4708-4ABC-9274-1096CE61D336}"
EndProject
Project("{9A19103F-16F7-4668-BE54-9A1E7A4F7556}") = "AjedrezTomelloso.ServidorIdentidad.Data", "src\IdentityServer\AjedrezTomelloso.ServidorIdentidad.Data\AjedrezTomelloso.ServidorIdentidad.Data.csproj", "{9276DBB8-C97E-4663-AABD-25BB855CF983}"
EndProject
Project("{2150E333-8FDC-42A3-9474-1A3956D46DE8}") = "Solution Items", "Solution Items", "{9649B771-A790-426D-9AAD-B668673E12F7}"
	ProjectSection(SolutionItems) = preProject
		build\dependencies.props = build\dependencies.props
		Directory.Build.props = Directory.Build.props
	EndProjectSection
EndProject
Global
	GlobalSection(SolutionConfigurationPlatforms) = preSolution
		Debug|Any CPU = Debug|Any CPU
		Release|Any CPU = Release|Any CPU
	EndGlobalSection
	GlobalSection(ProjectConfigurationPlatforms) = postSolution
		{B5DBE32E-4708-4ABC-9274-1096CE61D336}.Debug|Any CPU.ActiveCfg = Debug|Any CPU
		{B5DBE32E-4708-4ABC-9274-1096CE61D336}.Debug|Any CPU.Build.0 = Debug|Any CPU
		{B5DBE32E-4708-4ABC-9274-1096CE61D336}.Release|Any CPU.ActiveCfg = Release|Any CPU
		{B5DBE32E-4708-4ABC-9274-1096CE61D336}.Release|Any CPU.Build.0 = Release|Any CPU
		{9276DBB8-C97E-4663-AABD-25BB855CF983}.Debug|Any CPU.ActiveCfg = Debug|Any CPU
		{9276DBB8-C97E-4663-AABD-25BB855CF983}.Debug|Any CPU.Build.0 = Debug|Any CPU
		{9276DBB8-C97E-4663-AABD-25BB855CF983}.Release|Any CPU.ActiveCfg = Release|Any CPU
		{9276DBB8-C97E-4663-AABD-25BB855CF983}.Release|Any CPU.Build.0 = Release|Any CPU
	EndGlobalSection
	GlobalSection(SolutionProperties) = preSolution
		HideSolutionNode = FALSE
	EndGlobalSection
	GlobalSection(ExtensibilityGlobals) = postSolution
		SolutionGuid = {1883C458-18B5-47C1-B71D-C84A5C8BA462}
	EndGlobalSection
EndGlobal
